
Microsoft Visual Studio Solution File, Format Version 12.00
# Visual Studio Version 17
VisualStudioVersion = 17.4.33213.308
MinimumVisualStudioVersion = 10.0.40219.1
Project("{9A19103F-16F7-4668-BE54-9A1E7A4F7556}") = "WBBarcodes", "WildBerries_Barcodes\WBBarcodes.csproj", "{8AB36E03-94E5-4B46-86DA-5CF1CDAA816B}"
EndProject
Global
	GlobalSection(SolutionConfigurationPlatforms) = preSolution
		Debug|Any CPU = Debug|Any CPU
		Release|Any CPU = Release|Any CPU
	EndGlobalSection
	GlobalSection(ProjectConfigurationPlatforms) = postSolution
		{8AB36E03-94E5-4B46-86DA-5CF1CDAA816B}.Debug|Any CPU.ActiveCfg = Debug|Any CPU
		{8AB36E03-94E5-4B46-86DA-5CF1CDAA816B}.Debug|Any CPU.Build.0 = Debug|Any CPU
		{8AB36E03-94E5-4B46-86DA-5CF1CDAA816B}.Release|Any CPU.ActiveCfg = Release|Any CPU
		{8AB36E03-94E5-4B46-86DA-5CF1CDAA816B}.Release|Any CPU.Build.0 = Release|Any CPU
	EndGlobalSection
	GlobalSection(SolutionProperties) = preSolution
		HideSolutionNode = FALSE
	EndGlobalSection
	GlobalSection(ExtensibilityGlobals) = postSolution
		SolutionGuid = {CC596B41-2AD8-4F6C-A85F-B40C727743A1}
	EndGlobalSection
EndGlobal
